
Microsoft Visual Studio Solution File, Format Version 12.00
# Visual Studio Version 17
VisualStudioVersion = 17.9.34616.47
MinimumVisualStudioVersion = 10.0.40219.1
Project("{8BC9CEB8-8B4A-11D0-8D11-00A0C91BC942}") = "jogoadivinhacao", "jogoadivinhacao.vcxproj", "{9D4B176A-8397-44DB-A02A-112564A4F985}"
EndProject
Global
	GlobalSection(SolutionConfigurationPlatforms) = preSolution
		Debug|x64 = Debug|x64
		Debug|x86 = Debug|x86
		Release|x64 = Release|x64
		Release|x86 = Release|x86
	EndGlobalSection
	GlobalSection(ProjectConfigurationPlatforms) = postSolution
		{9D4B176A-8397-44DB-A02A-112564A4F985}.Debug|x64.ActiveCfg = Debug|x64
		{9D4B176A-8397-44DB-A02A-112564A4F985}.Debug|x64.Build.0 = Debug|x64
		{9D4B176A-8397-44DB-A02A-112564A4F985}.Debug|x86.ActiveCfg = Debug|Win32
		{9D4B176A-8397-44DB-A02A-112564A4F985}.Debug|x86.Build.0 = Debug|Win32
		{9D4B176A-8397-44DB-A02A-112564A4F985}.Release|x64.ActiveCfg = Release|x64
		{9D4B176A-8397-44DB-A02A-112564A4F985}.Release|x64.Build.0 = Release|x64
		{9D4B176A-8397-44DB-A02A-112564A4F985}.Release|x86.ActiveCfg = Release|Win32
		{9D4B176A-8397-44DB-A02A-112564A4F985}.Release|x86.Build.0 = Release|Win32
	EndGlobalSection
	GlobalSection(SolutionProperties) = preSolution
		HideSolutionNode = FALSE
	EndGlobalSection
	GlobalSection(ExtensibilityGlobals) = postSolution
		SolutionGuid = {F0F2E930-E14C-4631-B1B6-8F4DF7B04426}
	EndGlobalSection
EndGlobal
